
Microsoft Visual Studio Solution File, Format Version 12.00
# Visual Studio Version 16
VisualStudioVersion = 16.0.29209.62
MinimumVisualStudioVersion = 10.0.40219.1
Project("{FAE04EC0-301F-11D3-BF4B-00C04F79EFBC}") = "Website", "Website\Website.csproj", "{C85C1C4A-00D5-46FB-BE71-4ED65F07C4F5}"
EndProject
Global
	GlobalSection(SolutionConfigurationPlatforms) = preSolution
		Debug|Any CPU = Debug|Any CPU
		Release|Any CPU = Release|Any CPU
	EndGlobalSection
	GlobalSection(ProjectConfigurationPlatforms) = postSolution
		{C85C1C4A-00D5-46FB-BE71-4ED65F07C4F5}.Debug|Any CPU.ActiveCfg = Debug|Any CPU
		{C85C1C4A-00D5-46FB-BE71-4ED65F07C4F5}.Debug|Any CPU.Build.0 = Debug|Any CPU
		{C85C1C4A-00D5-46FB-BE71-4ED65F07C4F5}.Release|Any CPU.ActiveCfg = Release|Any CPU
		{C85C1C4A-00D5-46FB-BE71-4ED65F07C4F5}.Release|Any CPU.Build.0 = Release|Any CPU
	EndGlobalSection
	GlobalSection(SolutionProperties) = preSolution
		HideSolutionNode = FALSE
	EndGlobalSection
	GlobalSection(ExtensibilityGlobals) = postSolution
		SolutionGuid = {F169B32E-9097-4BC8-B8E3-4687FCF78532}
	EndGlobalSection
EndGlobal
